<?xml version="1.0" encoding="utf-8"?>
<Project ToolsVersion="4.0" xmlns="http://schemas.microsoft.com/developer/msbuild/2003">
  <ItemGroup>
    <Filter Include="Source Files">
      <UniqueIdentifier>{8BE3D7C0-7DCC-4CC6-B546-D3E7EC3C7061}</UniqueIdentifier>
    </Filter>
    <Filter Include="Source Files\Core">
      <UniqueIdentifier>{64793897-36A2-4331-9FF1-398A793AE4D5}</UniqueIdentifier>
    </Filter>
    <Filter Include="Source Files\Platform\Win">
      <UniqueIdentifier>{B6710BC7-328F-4B88-B4DC-18A2D4458DC9}</UniqueIdentifier>
    </Filter>
    <Filter Include="Source Files\Render\D3D11">
      <UniqueIdentifier>{920F28AE-E2F3-47C7-8C4C-1D5A06AFBF10}</UniqueIdentifier>
    </Filter>
    <Filter Include="Source Files\UI">
      <UniqueIdentifier>{24E131A6-367B-425B-92D2-4468215EC046}</UniqueIdentifier>
    </Filter>
    <Filter Include="Source Files\External\ImGui">
      <UniqueIdentifier>{5EB01432-C86E-4EFE-9263-6DDEB339A3C3}</UniqueIdentifier>
    </Filter>
    <Filter Include="Header Files">
      <UniqueIdentifier>{8E4642CB-0535-4824-9E87-E6901C59FCEE}</UniqueIdentifier>
    </Filter>
    <Filter Include="Resources">
      <UniqueIdentifier>{AEB9FB4B-4E6D-490A-B6FA-18E08AF9FEA9}</UniqueIdentifier>
    </Filter>
  </ItemGroup>
  <ItemGroup>
    <ClCompile Include="external\imgui\backends\imgui_impl_dx11.cpp">
      <Filter>Source Files\External\ImGui</Filter>
    </ClCompile>
    <ClCompile Include="external\imgui\backends\imgui_impl_win32.cpp">
      <Filter>Source Files\External\ImGui</Filter>
    </ClCompile>
    <ClCompile Include="external\imgui\imgui.cpp">
      <Filter>Source Files\External\ImGui</Filter>
    </ClCompile>
    <ClCompile Include="external\imgui\imgui_demo.cpp">
      <Filter>Source Files\External\ImGui</Filter>
    </ClCompile>
    <ClCompile Include="external\imgui\imgui_draw.cpp">
      <Filter>Source Files\External\ImGui</Filter>
    </ClCompile>
    <ClCompile Include="external\imgui\imgui_tables.cpp">
      <Filter>Source Files\External\ImGui</Filter>
    </ClCompile>
    <ClCompile Include="external\imgui\imgui_widgets.cpp">
      <Filter>Source Files\External\ImGui</Filter>
    </ClCompile>
    <ClCompile Include="src\core\App.cpp">
      <Filter>Source Files\Core</Filter>
    </ClCompile>
    <ClCompile Include="src\platform\win\MainWin.cpp">
      <Filter>Source Files\Platform\Win</Filter>
    </ClCompile>
    <ClCompile Include="src\render\d3d11\D3D11Renderer.cpp">
      <Filter>Source Files\Render\D3D11</Filter>
    </ClCompile>
    <ClCompile Include="src\render\d3d11\TextureLoader.cpp">
      <Filter>Source Files\Render\D3D11</Filter>
    </ClCompile>
    <ClCompile Include="src\ui\ImGuiLayer.cpp">
      <Filter>Source Files\UI</Filter>
    </ClCompile>
  </ItemGroup>
  <ItemGroup>
    <ClInclude Include="external\imgui\backends\imgui_impl_dx11.h">
      <Filter>Header Files</Filter>
    </ClInclude>
    <ClInclude Include="external\imgui\backends\imgui_impl_win32.h">
      <Filter>Header Files</Filter>
    </ClInclude>
    <ClInclude Include="external\imgui\imconfig.h">
      <Filter>Header Files</Filter>
    </ClInclude>
    <ClInclude Include="external\imgui\imgui.h">
      <Filter>Header Files</Filter>
    </ClInclude>
    <ClInclude Include="external\imgui\imgui_internal.h">
      <Filter>Header Files</Filter>
    </ClInclude>
    <ClInclude Include="external\imgui\imstb_rectpack.h">
      <Filter>Header Files</Filter>
    </ClInclude>
    <ClInclude Include="external\imgui\imstb_textedit.h">
      <Filter>Header Files</Filter>
    </ClInclude>
    <ClInclude Include="external\imgui\imstb_truetype.h">
      <Filter>Header Files</Filter>
    </ClInclude>
    <ClInclude Include="src\core\App.h">
      <Filter>Header Files</Filter>
    </ClInclude>
    <ClInclude Include="src\platform\win\WinInput.h">
      <Filter>Header Files</Filter>
    </ClInclude>
    <ClInclude Include="src\render\d3d11\D3D11Renderer.h">
      <Filter>Header Files</Filter>
    </ClInclude>
    <ClInclude Include="src\render\d3d11\TextureLoader.h">
      <Filter>Header Files</Filter>
    </ClInclude>
    <ClInclude Include="src\ui\ImGuiLayer.h">
      <Filter>Header Files</Filter>
    </ClInclude>
  </ItemGroup>
  <ItemGroup>
    <None Include="src\render\d3d11\shaders.hlsl">
      <Filter>Resources</Filter>
    </None>
  </ItemGroup>
</Project>
